// !$*UTF8*$!
{
	archiveVersion = 1;
	classes = {
	};
	objectVersion = 46;
	objects = {

/* Begin PBXBuildFile section */
		2D0E153F1CE3B2A2009C1D76 /* AppDelegate.swift in Sources */ = {isa = PBXBuildFile; fileRef = 2D0E153E1CE3B2A2009C1D76 /* AppDelegate.swift */; };
		2D0E15411CE3B2A2009C1D76 /* FirstViewController.swift in Sources */ = {isa = PBXBuildFile; fileRef = 2D0E15401CE3B2A2009C1D76 /* FirstViewController.swift */; };
		2D0E15431CE3B2A2009C1D76 /* SecondViewController.swift in Sources */ = {isa = PBXBuildFile; fileRef = 2D0E15421CE3B2A2009C1D76 /* SecondViewController.swift */; };
		2D0E15461CE3B2A2009C1D76 /* Main.storyboard in Resources */ = {isa = PBXBuildFile; fileRef = 2D0E15441CE3B2A2009C1D76 /* Main.storyboard */; };
		2D0E15481CE3B2A2009C1D76 /* Assets.xcassets in Resources */ = {isa = PBXBuildFile; fileRef = 2D0E15471CE3B2A2009C1D76 /* Assets.xcassets */; };
		2D0E15531CE3B2A2009C1D76 /* tvOS_Flickr_AppTests.swift in Sources */ = {isa = PBXBuildFile; fileRef = 2D0E15521CE3B2A2009C1D76 /* tvOS_Flickr_AppTests.swift */; };
		2D0E155E1CE3B2A2009C1D76 /* tvOS_Flickr_AppUITests.swift in Sources */ = {isa = PBXBuildFile; fileRef = 2D0E155D1CE3B2A2009C1D76 /* tvOS_Flickr_AppUITests.swift */; };
		2D0E156E1CE3DD6E009C1D76 /* PersonalConstants.swift in Sources */ = {isa = PBXBuildFile; fileRef = 2D0E156D1CE3DD6E009C1D76 /* PersonalConstants.swift */; };
		2D0E15721CE3FB54009C1D76 /* libFlickrKit.a in Frameworks */ = {isa = PBXBuildFile; fileRef = 2D0E15711CE3FB54009C1D76 /* libFlickrKit.a */; };
		2D0E159D1CEBB9BC009C1D76 /* AudioToolbox.framework in Frameworks */ = {isa = PBXBuildFile; fileRef = 2D0E159C1CEBB9BC009C1D76 /* AudioToolbox.framework */; };
		2D0E159F1CEBB9C2009C1D76 /* CFNetwork.framework in Frameworks */ = {isa = PBXBuildFile; fileRef = 2D0E159E1CEBB9C2009C1D76 /* CFNetwork.framework */; };
		2D0E15A11CEBB9C8009C1D76 /* Foundation.framework in Frameworks */ = {isa = PBXBuildFile; fileRef = 2D0E15A01CEBB9C8009C1D76 /* Foundation.framework */; };
		2D0E15A31CEBB9CE009C1D76 /* MobileCoreServices.framework in Frameworks */ = {isa = PBXBuildFile; fileRef = 2D0E15A21CEBB9CE009C1D76 /* MobileCoreServices.framework */; };
		2D0E15A51CEBB9D4009C1D76 /* Security.framework in Frameworks */ = {isa = PBXBuildFile; fileRef = 2D0E15A41CEBB9D4009C1D76 /* Security.framework */; };
		2D0E15A71CEBB9DF009C1D76 /* SystemConfiguration.framework in Frameworks */ = {isa = PBXBuildFile; fileRef = 2D0E15A61CEBB9DF009C1D76 /* SystemConfiguration.framework */; };
		2D0E15A91CEBB9E4009C1D76 /* UIKit.framework in Frameworks */ = {isa = PBXBuildFile; fileRef = 2D0E15A81CEBB9E4009C1D76 /* UIKit.framework */; };
		2D0E15AB1CEBB9F1009C1D76 /* libicucore.tbd in Frameworks */ = {isa = PBXBuildFile; fileRef = 2D0E15AA1CEBB9F1009C1D76 /* libicucore.tbd */; };
		2D0E15AD1CEBB9F8009C1D76 /* libsqlite3.tbd in Frameworks */ = {isa = PBXBuildFile; fileRef = 2D0E15AC1CEBB9F8009C1D76 /* libsqlite3.tbd */; };
		EA6552CB538908BD9A411118 /* libPods.a in Frameworks */ = {isa = PBXBuildFile; fileRef = 4A036914C8EDA99D5BEE8CDD /* libPods.a */; };
/* End PBXBuildFile section */

/* Begin PBXContainerItemProxy section */
		2D0E154F1CE3B2A2009C1D76 /* PBXContainerItemProxy */ = {
			isa = PBXContainerItemProxy;
			containerPortal = 2D0E15331CE3B2A2009C1D76 /* Project object */;
			proxyType = 1;
			remoteGlobalIDString = 2D0E153A1CE3B2A2009C1D76;
			remoteInfo = "tvOS-Flickr-App";
		};
		2D0E155A1CE3B2A2009C1D76 /* PBXContainerItemProxy */ = {
			isa = PBXContainerItemProxy;
			containerPortal = 2D0E15331CE3B2A2009C1D76 /* Project object */;
			proxyType = 1;
			remoteGlobalIDString = 2D0E153A1CE3B2A2009C1D76;
			remoteInfo = "tvOS-Flickr-App";
		};
/* End PBXContainerItemProxy section */

/* Begin PBXFileReference section */
		2D0E153B1CE3B2A2009C1D76 /* tvOS-Flickr-App.app */ = {isa = PBXFileReference; explicitFileType = wrapper.application; includeInIndex = 0; path = "tvOS-Flickr-App.app"; sourceTree = BUILT_PRODUCTS_DIR; };
		2D0E153E1CE3B2A2009C1D76 /* AppDelegate.swift */ = {isa = PBXFileReference; lastKnownFileType = sourcecode.swift; path = AppDelegate.swift; sourceTree = "<group>"; };
		2D0E15401CE3B2A2009C1D76 /* FirstViewController.swift */ = {isa = PBXFileReference; lastKnownFileType = sourcecode.swift; path = FirstViewController.swift; sourceTree = "<group>"; };
		2D0E15421CE3B2A2009C1D76 /* SecondViewController.swift */ = {isa = PBXFileReference; lastKnownFileType = sourcecode.swift; path = SecondViewController.swift; sourceTree = "<group>"; };
		2D0E15451CE3B2A2009C1D76 /* Base */ = {isa = PBXFileReference; lastKnownFileType = file.storyboard; name = Base; path = Base.lproj/Main.storyboard; sourceTree = "<group>"; };
		2D0E15471CE3B2A2009C1D76 /* Assets.xcassets */ = {isa = PBXFileReference; lastKnownFileType = folder.assetcatalog; path = Assets.xcassets; sourceTree = "<group>"; };
		2D0E15491CE3B2A2009C1D76 /* Info.plist */ = {isa = PBXFileReference; lastKnownFileType = text.plist.xml; path = Info.plist; sourceTree = "<group>"; };
		2D0E154E1CE3B2A2009C1D76 /* tvOS-Flickr-AppTests.xctest */ = {isa = PBXFileReference; explicitFileType = wrapper.cfbundle; includeInIndex = 0; path = "tvOS-Flickr-AppTests.xctest"; sourceTree = BUILT_PRODUCTS_DIR; };
		2D0E15521CE3B2A2009C1D76 /* tvOS_Flickr_AppTests.swift */ = {isa = PBXFileReference; lastKnownFileType = sourcecode.swift; path = tvOS_Flickr_AppTests.swift; sourceTree = "<group>"; };
		2D0E15541CE3B2A2009C1D76 /* Info.plist */ = {isa = PBXFileReference; lastKnownFileType = text.plist.xml; path = Info.plist; sourceTree = "<group>"; };
		2D0E15591CE3B2A2009C1D76 /* tvOS-Flickr-AppUITests.xctest */ = {isa = PBXFileReference; explicitFileType = wrapper.cfbundle; includeInIndex = 0; path = "tvOS-Flickr-AppUITests.xctest"; sourceTree = BUILT_PRODUCTS_DIR; };
		2D0E155D1CE3B2A2009C1D76 /* tvOS_Flickr_AppUITests.swift */ = {isa = PBXFileReference; lastKnownFileType = sourcecode.swift; path = tvOS_Flickr_AppUITests.swift; sourceTree = "<group>"; };
		2D0E155F1CE3B2A2009C1D76 /* Info.plist */ = {isa = PBXFileReference; lastKnownFileType = text.plist.xml; path = Info.plist; sourceTree = "<group>"; };
		2D0E156D1CE3DD6E009C1D76 /* PersonalConstants.swift */ = {isa = PBXFileReference; fileEncoding = 4; lastKnownFileType = sourcecode.swift; path = PersonalConstants.swift; sourceTree = "<group>"; };
		2D0E15711CE3FB54009C1D76 /* libFlickrKit.a */ = {isa = PBXFileReference; lastKnownFileType = archive.ar; name = libFlickrKit.a; path = "/Users/jwang/repos/tvOS-swift-flickr-app/Pods/../build/Debug-appletvos/libFlickrKit.a"; sourceTree = "<absolute>"; };
		2D0E15731CE3FC6E009C1D76 /* Bridging.h */ = {isa = PBXFileReference; fileEncoding = 4; lastKnownFileType = sourcecode.c.h; path = Bridging.h; sourceTree = "<group>"; };
		2D0E159C1CEBB9BC009C1D76 /* AudioToolbox.framework */ = {isa = PBXFileReference; lastKnownFileType = wrapper.framework; name = AudioToolbox.framework; path = System/Library/Frameworks/AudioToolbox.framework; sourceTree = SDKROOT; };
		2D0E159E1CEBB9C2009C1D76 /* CFNetwork.framework */ = {isa = PBXFileReference; lastKnownFileType = wrapper.framework; name = CFNetwork.framework; path = System/Library/Frameworks/CFNetwork.framework; sourceTree = SDKROOT; };
		2D0E15A01CEBB9C8009C1D76 /* Foundation.framework */ = {isa = PBXFileReference; lastKnownFileType = wrapper.framework; name = Foundation.framework; path = System/Library/Frameworks/Foundation.framework; sourceTree = SDKROOT; };
		2D0E15A21CEBB9CE009C1D76 /* MobileCoreServices.framework */ = {isa = PBXFileReference; lastKnownFileType = wrapper.framework; name = MobileCoreServices.framework; path = System/Library/Frameworks/MobileCoreServices.framework; sourceTree = SDKROOT; };
		2D0E15A41CEBB9D4009C1D76 /* Security.framework */ = {isa = PBXFileReference; lastKnownFileType = wrapper.framework; name = Security.framework; path = System/Library/Frameworks/Security.framework; sourceTree = SDKROOT; };
		2D0E15A61CEBB9DF009C1D76 /* SystemConfiguration.framework */ = {isa = PBXFileReference; lastKnownFileType = wrapper.framework; name = SystemConfiguration.framework; path = System/Library/Frameworks/SystemConfiguration.framework; sourceTree = SDKROOT; };
		2D0E15A81CEBB9E4009C1D76 /* UIKit.framework */ = {isa = PBXFileReference; lastKnownFileType = wrapper.framework; name = UIKit.framework; path = System/Library/Frameworks/UIKit.framework; sourceTree = SDKROOT; };
		2D0E15AA1CEBB9F1009C1D76 /* libicucore.tbd */ = {isa = PBXFileReference; lastKnownFileType = "sourcecode.text-based-dylib-definition"; name = libicucore.tbd; path = usr/lib/libicucore.tbd; sourceTree = SDKROOT; };
		2D0E15AC1CEBB9F8009C1D76 /* libsqlite3.tbd */ = {isa = PBXFileReference; lastKnownFileType = "sourcecode.text-based-dylib-definition"; name = libsqlite3.tbd; path = usr/lib/libsqlite3.tbd; sourceTree = SDKROOT; };
		4A036914C8EDA99D5BEE8CDD /* libPods.a */ = {isa = PBXFileReference; explicitFileType = archive.ar; includeInIndex = 0; path = libPods.a; sourceTree = BUILT_PRODUCTS_DIR; };
		63F0B9E8DC43C6BBB9E2ABF2 /* Pods.debug.xcconfig */ = {isa = PBXFileReference; includeInIndex = 1; lastKnownFileType = text.xcconfig; name = Pods.debug.xcconfig; path = "../Pods/Target Support Files/Pods/Pods.debug.xcconfig"; sourceTree = "<group>"; };
		FAF737C6B914B9472A3FAC76 /* Pods.release.xcconfig */ = {isa = PBXFileReference; includeInIndex = 1; lastKnownFileType = text.xcconfig; name = Pods.release.xcconfig; path = "../Pods/Target Support Files/Pods/Pods.release.xcconfig"; sourceTree = "<group>"; };
/* End PBXFileReference section */

/* Begin PBXFrameworksBuildPhase section */
		2D0E15381CE3B2A2009C1D76 /* Frameworks */ = {
			isa = PBXFrameworksBuildPhase;
			buildActionMask = 2147483647;
			files = (
				2D0E15AD1CEBB9F8009C1D76 /* libsqlite3.tbd in Frameworks */,
				2D0E15AB1CEBB9F1009C1D76 /* libicucore.tbd in Frameworks */,
				2D0E15A91CEBB9E4009C1D76 /* UIKit.framework in Frameworks */,
				2D0E15A71CEBB9DF009C1D76 /* SystemConfiguration.framework in Frameworks */,
				2D0E15A51CEBB9D4009C1D76 /* Security.framework in Frameworks */,
				2D0E15A31CEBB9CE009C1D76 /* MobileCoreServices.framework in Frameworks */,
				2D0E15A11CEBB9C8009C1D76 /* Foundation.framework in Frameworks */,
				2D0E159F1CEBB9C2009C1D76 /* CFNetwork.framework in Frameworks */,
				2D0E159D1CEBB9BC009C1D76 /* AudioToolbox.framework in Frameworks */,
				2D0E15721CE3FB54009C1D76 /* libFlickrKit.a in Frameworks */,
				EA6552CB538908BD9A411118 /* libPods.a in Frameworks */,
			);
			runOnlyForDeploymentPostprocessing = 0;
		};
		2D0E154B1CE3B2A2009C1D76 /* Frameworks */ = {
			isa = PBXFrameworksBuildPhase;
			buildActionMask = 2147483647;
			files = (
			);
			runOnlyForDeploymentPostprocessing = 0;
		};
		2D0E15561CE3B2A2009C1D76 /* Frameworks */ = {
			isa = PBXFrameworksBuildPhase;
			buildActionMask = 2147483647;
			files = (
			);
			runOnlyForDeploymentPostprocessing = 0;
		};
/* End PBXFrameworksBuildPhase section */

/* Begin PBXGroup section */
		299D979B8FCDA246B3D01F5B /* Frameworks */ = {
			isa = PBXGroup;
			children = (
				2D0E15AC1CEBB9F8009C1D76 /* libsqlite3.tbd */,
				2D0E15AA1CEBB9F1009C1D76 /* libicucore.tbd */,
				2D0E15A81CEBB9E4009C1D76 /* UIKit.framework */,
				2D0E15A61CEBB9DF009C1D76 /* SystemConfiguration.framework */,
				2D0E15A41CEBB9D4009C1D76 /* Security.framework */,
				2D0E15A21CEBB9CE009C1D76 /* MobileCoreServices.framework */,
				2D0E15A01CEBB9C8009C1D76 /* Foundation.framework */,
				2D0E159E1CEBB9C2009C1D76 /* CFNetwork.framework */,
				2D0E159C1CEBB9BC009C1D76 /* AudioToolbox.framework */,
				2D0E15711CE3FB54009C1D76 /* libFlickrKit.a */,
				4A036914C8EDA99D5BEE8CDD /* libPods.a */,
			);
			name = Frameworks;
			sourceTree = "<group>";
		};
		2D0E15321CE3B2A2009C1D76 = {
			isa = PBXGroup;
			children = (
				2D0E153D1CE3B2A2009C1D76 /* tvOS-Flickr-App */,
				2D0E15511CE3B2A2009C1D76 /* tvOS-Flickr-AppTests */,
				2D0E155C1CE3B2A2009C1D76 /* tvOS-Flickr-AppUITests */,
				2D0E153C1CE3B2A2009C1D76 /* Products */,
				94730CDC42061A0D24868ACD /* Pods */,
				299D979B8FCDA246B3D01F5B /* Frameworks */,
			);
			sourceTree = "<group>";
		};
		2D0E153C1CE3B2A2009C1D76 /* Products */ = {
			isa = PBXGroup;
			children = (
				2D0E153B1CE3B2A2009C1D76 /* tvOS-Flickr-App.app */,
				2D0E154E1CE3B2A2009C1D76 /* tvOS-Flickr-AppTests.xctest */,
				2D0E15591CE3B2A2009C1D76 /* tvOS-Flickr-AppUITests.xctest */,
			);
			name = Products;
			sourceTree = "<group>";
		};
		2D0E153D1CE3B2A2009C1D76 /* tvOS-Flickr-App */ = {
			isa = PBXGroup;
			children = (
				2D0E153E1CE3B2A2009C1D76 /* AppDelegate.swift */,
				2D0E15731CE3FC6E009C1D76 /* Bridging.h */,
				2D0E156D1CE3DD6E009C1D76 /* PersonalConstants.swift */,
				2D0E15401CE3B2A2009C1D76 /* FirstViewController.swift */,
				2D0E15421CE3B2A2009C1D76 /* SecondViewController.swift */,
				2D0E15441CE3B2A2009C1D76 /* Main.storyboard */,
				2D0E15471CE3B2A2009C1D76 /* Assets.xcassets */,
				2D0E15491CE3B2A2009C1D76 /* Info.plist */,
			);
			path = "tvOS-Flickr-App";
			sourceTree = "<group>";
		};
		2D0E15511CE3B2A2009C1D76 /* tvOS-Flickr-AppTests */ = {
			isa = PBXGroup;
			children = (
				2D0E15521CE3B2A2009C1D76 /* tvOS_Flickr_AppTests.swift */,
				2D0E15541CE3B2A2009C1D76 /* Info.plist */,
			);
			path = "tvOS-Flickr-AppTests";
			sourceTree = "<group>";
		};
		2D0E155C1CE3B2A2009C1D76 /* tvOS-Flickr-AppUITests */ = {
			isa = PBXGroup;
			children = (
				2D0E155D1CE3B2A2009C1D76 /* tvOS_Flickr_AppUITests.swift */,
				2D0E155F1CE3B2A2009C1D76 /* Info.plist */,
			);
			path = "tvOS-Flickr-AppUITests";
			sourceTree = "<group>";
		};
		94730CDC42061A0D24868ACD /* Pods */ = {
			isa = PBXGroup;
			children = (
				63F0B9E8DC43C6BBB9E2ABF2 /* Pods.debug.xcconfig */,
				FAF737C6B914B9472A3FAC76 /* Pods.release.xcconfig */,
			);
			name = Pods;
			sourceTree = "<group>";
		};
/* End PBXGroup section */

/* Begin PBXNativeTarget section */
		2D0E153A1CE3B2A2009C1D76 /* tvOS-Flickr-App */ = {
			isa = PBXNativeTarget;
			buildConfigurationList = 2D0E15621CE3B2A2009C1D76 /* Build configuration list for PBXNativeTarget "tvOS-Flickr-App" */;
			buildPhases = (
				12A7A00E0867A5368DDAB5EA /* Check Pods Manifest.lock */,
				2D0E15371CE3B2A2009C1D76 /* Sources */,
				2D0E15381CE3B2A2009C1D76 /* Frameworks */,
				2D0E15391CE3B2A2009C1D76 /* Resources */,
				AFE05AC3A7EB112F96214EB2 /* Embed Pods Frameworks */,
				C61B772AEBF82B696FC64780 /* Copy Pods Resources */,
			);
			buildRules = (
			);
			dependencies = (
			);
			name = "tvOS-Flickr-App";
			productName = "tvOS-Flickr-App";
			productReference = 2D0E153B1CE3B2A2009C1D76 /* tvOS-Flickr-App.app */;
			productType = "com.apple.product-type.application";
		};
		2D0E154D1CE3B2A2009C1D76 /* tvOS-Flickr-AppTests */ = {
			isa = PBXNativeTarget;
			buildConfigurationList = 2D0E15651CE3B2A2009C1D76 /* Build configuration list for PBXNativeTarget "tvOS-Flickr-AppTests" */;
			buildPhases = (
				2D0E154A1CE3B2A2009C1D76 /* Sources */,
				2D0E154B1CE3B2A2009C1D76 /* Frameworks */,
				2D0E154C1CE3B2A2009C1D76 /* Resources */,
			);
			buildRules = (
			);
			dependencies = (
				2D0E15501CE3B2A2009C1D76 /* PBXTargetDependency */,
			);
			name = "tvOS-Flickr-AppTests";
			productName = "tvOS-Flickr-AppTests";
			productReference = 2D0E154E1CE3B2A2009C1D76 /* tvOS-Flickr-AppTests.xctest */;
			productType = "com.apple.product-type.bundle.unit-test";
		};
		2D0E15581CE3B2A2009C1D76 /* tvOS-Flickr-AppUITests */ = {
			isa = PBXNativeTarget;
			buildConfigurationList = 2D0E15681CE3B2A2009C1D76 /* Build configuration list for PBXNativeTarget "tvOS-Flickr-AppUITests" */;
			buildPhases = (
				2D0E15551CE3B2A2009C1D76 /* Sources */,
				2D0E15561CE3B2A2009C1D76 /* Frameworks */,
				2D0E15571CE3B2A2009C1D76 /* Resources */,
			);
			buildRules = (
			);
			dependencies = (
				2D0E155B1CE3B2A2009C1D76 /* PBXTargetDependency */,
			);
			name = "tvOS-Flickr-AppUITests";
			productName = "tvOS-Flickr-AppUITests";
			productReference = 2D0E15591CE3B2A2009C1D76 /* tvOS-Flickr-AppUITests.xctest */;
			productType = "com.apple.product-type.bundle.ui-testing";
		};
/* End PBXNativeTarget section */

/* Begin PBXProject section */
		2D0E15331CE3B2A2009C1D76 /* Project object */ = {
			isa = PBXProject;
			attributes = {
				LastSwiftUpdateCheck = 0720;
				LastUpgradeCheck = 0720;
				ORGANIZATIONNAME = wangjoshuah;
				TargetAttributes = {
					2D0E153A1CE3B2A2009C1D76 = {
						CreatedOnToolsVersion = 7.2;
					};
					2D0E154D1CE3B2A2009C1D76 = {
						CreatedOnToolsVersion = 7.2;
						TestTargetID = 2D0E153A1CE3B2A2009C1D76;
					};
					2D0E15581CE3B2A2009C1D76 = {
						CreatedOnToolsVersion = 7.2;
						TestTargetID = 2D0E153A1CE3B2A2009C1D76;
					};
				};
			};
			buildConfigurationList = 2D0E15361CE3B2A2009C1D76 /* Build configuration list for PBXProject "tvOS-Flickr-App" */;
			compatibilityVersion = "Xcode 3.2";
			developmentRegion = English;
			hasScannedForEncodings = 0;
			knownRegions = (
				en,
				Base,
			);
			mainGroup = 2D0E15321CE3B2A2009C1D76;
			productRefGroup = 2D0E153C1CE3B2A2009C1D76 /* Products */;
			projectDirPath = "";
			projectRoot = "";
			targets = (
				2D0E153A1CE3B2A2009C1D76 /* tvOS-Flickr-App */,
				2D0E154D1CE3B2A2009C1D76 /* tvOS-Flickr-AppTests */,
				2D0E15581CE3B2A2009C1D76 /* tvOS-Flickr-AppUITests */,
			);
		};
/* End PBXProject section */

/* Begin PBXResourcesBuildPhase section */
		2D0E15391CE3B2A2009C1D76 /* Resources */ = {
			isa = PBXResourcesBuildPhase;
			buildActionMask = 2147483647;
			files = (
				2D0E15481CE3B2A2009C1D76 /* Assets.xcassets in Resources */,
				2D0E15461CE3B2A2009C1D76 /* Main.storyboard in Resources */,
			);
			runOnlyForDeploymentPostprocessing = 0;
		};
		2D0E154C1CE3B2A2009C1D76 /* Resources */ = {
			isa = PBXResourcesBuildPhase;
			buildActionMask = 2147483647;
			files = (
			);
			runOnlyForDeploymentPostprocessing = 0;
		};
		2D0E15571CE3B2A2009C1D76 /* Resources */ = {
			isa = PBXResourcesBuildPhase;
			buildActionMask = 2147483647;
			files = (
			);
			runOnlyForDeploymentPostprocessing = 0;
		};
/* End PBXResourcesBuildPhase section */

/* Begin PBXShellScriptBuildPhase section */
		12A7A00E0867A5368DDAB5EA /* Check Pods Manifest.lock */ = {
			isa = PBXShellScriptBuildPhase;
			buildActionMask = 2147483647;
			files = (
			);
			inputPaths = (
			);
			name = "Check Pods Manifest.lock";
			outputPaths = (
			);
			runOnlyForDeploymentPostprocessing = 0;
			shellPath = /bin/sh;
			shellScript = "diff \"${PODS_ROOT}/../Podfile.lock\" \"${PODS_ROOT}/Manifest.lock\" > /dev/null\nif [[ $? != 0 ]] ; then\n    cat << EOM\nerror: The sandbox is not in sync with the Podfile.lock. Run 'pod install' or update your CocoaPods installation.\nEOM\n    exit 1\nfi\n";
			showEnvVarsInLog = 0;
		};
		AFE05AC3A7EB112F96214EB2 /* Embed Pods Frameworks */ = {
			isa = PBXShellScriptBuildPhase;
			buildActionMask = 2147483647;
			files = (
			);
			inputPaths = (
			);
			name = "Embed Pods Frameworks";
			outputPaths = (
			);
			runOnlyForDeploymentPostprocessing = 0;
			shellPath = /bin/sh;
			shellScript = "\"${SRCROOT}/../Pods/Target Support Files/Pods/Pods-frameworks.sh\"\n";
			showEnvVarsInLog = 0;
		};
		C61B772AEBF82B696FC64780 /* Copy Pods Resources */ = {
			isa = PBXShellScriptBuildPhase;
			buildActionMask = 2147483647;
			files = (
			);
			inputPaths = (
			);
			name = "Copy Pods Resources";
			outputPaths = (
			);
			runOnlyForDeploymentPostprocessing = 0;
			shellPath = /bin/sh;
			shellScript = "\"${SRCROOT}/../Pods/Target Support Files/Pods/Pods-resources.sh\"\n";
			showEnvVarsInLog = 0;
		};
/* End PBXShellScriptBuildPhase section */

/* Begin PBXSourcesBuildPhase section */
		2D0E15371CE3B2A2009C1D76 /* Sources */ = {
			isa = PBXSourcesBuildPhase;
			buildActionMask = 2147483647;
			files = (
				2D0E15431CE3B2A2009C1D76 /* SecondViewController.swift in Sources */,
				2D0E156E1CE3DD6E009C1D76 /* PersonalConstants.swift in Sources */,
				2D0E153F1CE3B2A2009C1D76 /* AppDelegate.swift in Sources */,
				2D0E15411CE3B2A2009C1D76 /* FirstViewController.swift in Sources */,
			);
			runOnlyForDeploymentPostprocessing = 0;
		};
		2D0E154A1CE3B2A2009C1D76 /* Sources */ = {
			isa = PBXSourcesBuildPhase;
			buildActionMask = 2147483647;
			files = (
				2D0E15531CE3B2A2009C1D76 /* tvOS_Flickr_AppTests.swift in Sources */,
			);
			runOnlyForDeploymentPostprocessing = 0;
		};
		2D0E15551CE3B2A2009C1D76 /* Sources */ = {
			isa = PBXSourcesBuildPhase;
			buildActionMask = 2147483647;
			files = (
				2D0E155E1CE3B2A2009C1D76 /* tvOS_Flickr_AppUITests.swift in Sources */,
			);
			runOnlyForDeploymentPostprocessing = 0;
		};
/* End PBXSourcesBuildPhase section */

/* Begin PBXTargetDependency section */
		2D0E15501CE3B2A2009C1D76 /* PBXTargetDependency */ = {
			isa = PBXTargetDependency;
			target = 2D0E153A1CE3B2A2009C1D76 /* tvOS-Flickr-App */;
			targetProxy = 2D0E154F1CE3B2A2009C1D76 /* PBXContainerItemProxy */;
		};
		2D0E155B1CE3B2A2009C1D76 /* PBXTargetDependency */ = {
			isa = PBXTargetDependency;
			target = 2D0E153A1CE3B2A2009C1D76 /* tvOS-Flickr-App */;
			targetProxy = 2D0E155A1CE3B2A2009C1D76 /* PBXContainerItemProxy */;
		};
/* End PBXTargetDependency section */

/* Begin PBXVariantGroup section */
		2D0E15441CE3B2A2009C1D76 /* Main.storyboard */ = {
			isa = PBXVariantGroup;
			children = (
				2D0E15451CE3B2A2009C1D76 /* Base */,
			);
			name = Main.storyboard;
			sourceTree = "<group>";
		};
/* End PBXVariantGroup section */

/* Begin XCBuildConfiguration section */
		2D0E15601CE3B2A2009C1D76 /* Debug */ = {
			isa = XCBuildConfiguration;
			buildSettings = {
				ALWAYS_SEARCH_USER_PATHS = NO;
				CLANG_CXX_LANGUAGE_STANDARD = "gnu++0x";
				CLANG_CXX_LIBRARY = "libc++";
				CLANG_ENABLE_MODULES = YES;
				CLANG_ENABLE_OBJC_ARC = YES;
				CLANG_WARN_BOOL_CONVERSION = YES;
				CLANG_WARN_CONSTANT_CONVERSION = YES;
				CLANG_WARN_DIRECT_OBJC_ISA_USAGE = YES_ERROR;
				CLANG_WARN_EMPTY_BODY = YES;
				CLANG_WARN_ENUM_CONVERSION = YES;
				CLANG_WARN_INT_CONVERSION = YES;
				CLANG_WARN_OBJC_ROOT_CLASS = YES_ERROR;
				CLANG_WARN_UNREACHABLE_CODE = YES;
				CLANG_WARN__DUPLICATE_METHOD_MATCH = YES;
				COPY_PHASE_STRIP = NO;
				DEBUG_INFORMATION_FORMAT = dwarf;
				ENABLE_STRICT_OBJC_MSGSEND = YES;
				ENABLE_TESTABILITY = YES;
				GCC_C_LANGUAGE_STANDARD = gnu99;
				GCC_DYNAMIC_NO_PIC = NO;
				GCC_NO_COMMON_BLOCKS = YES;
				GCC_OPTIMIZATION_LEVEL = 0;
				GCC_PREPROCESSOR_DEFINITIONS = (
					"DEBUG=1",
					"$(inherited)",
				);
				GCC_WARN_64_TO_32_BIT_CONVERSION = YES;
				GCC_WARN_ABOUT_RETURN_TYPE = YES_ERROR;
				GCC_WARN_UNDECLARED_SELECTOR = YES;
				GCC_WARN_UNINITIALIZED_AUTOS = YES_AGGRESSIVE;
				GCC_WARN_UNUSED_FUNCTION = YES;
				GCC_WARN_UNUSED_VARIABLE = YES;
				MTL_ENABLE_DEBUG_INFO = YES;
				ONLY_ACTIVE_ARCH = YES;
				SDKROOT = appletvos;
				SWIFT_OPTIMIZATION_LEVEL = "-Onone";
				TARGETED_DEVICE_FAMILY = 3;
				TVOS_DEPLOYMENT_TARGET = 9.1;
			};
			name = Debug;
		};
		2D0E15611CE3B2A2009C1D76 /* Release */ = {
			isa = XCBuildConfiguration;
			buildSettings = {
				ALWAYS_SEARCH_USER_PATHS = NO;
				CLANG_CXX_LANGUAGE_STANDARD = "gnu++0x";
				CLANG_CXX_LIBRARY = "libc++";
				CLANG_ENABLE_MODULES = YES;
				CLANG_ENABLE_OBJC_ARC = YES;
				CLANG_WARN_BOOL_CONVERSION = YES;
				CLANG_WARN_CONSTANT_CONVERSION = YES;
				CLANG_WARN_DIRECT_OBJC_ISA_USAGE = YES_ERROR;
				CLANG_WARN_EMPTY_BODY = YES;
				CLANG_WARN_ENUM_CONVERSION = YES;
				CLANG_WARN_INT_CONVERSION = YES;
				CLANG_WARN_OBJC_ROOT_CLASS = YES_ERROR;
				CLANG_WARN_UNREACHABLE_CODE = YES;
				CLANG_WARN__DUPLICATE_METHOD_MATCH = YES;
				COPY_PHASE_STRIP = NO;
				DEBUG_INFORMATION_FORMAT = "dwarf-with-dsym";
				ENABLE_NS_ASSERTIONS = NO;
				ENABLE_STRICT_OBJC_MSGSEND = YES;
				GCC_C_LANGUAGE_STANDARD = gnu99;
				GCC_NO_COMMON_BLOCKS = YES;
				GCC_WARN_64_TO_32_BIT_CONVERSION = YES;
				GCC_WARN_ABOUT_RETURN_TYPE = YES_ERROR;
				GCC_WARN_UNDECLARED_SELECTOR = YES;
				GCC_WARN_UNINITIALIZED_AUTOS = YES_AGGRESSIVE;
				GCC_WARN_UNUSED_FUNCTION = YES;
				GCC_WARN_UNUSED_VARIABLE = YES;
				MTL_ENABLE_DEBUG_INFO = NO;
				SDKROOT = appletvos;
				TARGETED_DEVICE_FAMILY = 3;
				TVOS_DEPLOYMENT_TARGET = 9.1;
				VALIDATE_PRODUCT = YES;
			};
			name = Release;
		};
		2D0E15631CE3B2A2009C1D76 /* Debug */ = {
			isa = XCBuildConfiguration;
			baseConfigurationReference = 63F0B9E8DC43C6BBB9E2ABF2 /* Pods.debug.xcconfig */;
			buildSettings = {
				ASSETCATALOG_COMPILER_APPICON_NAME = "App Icon & Top Shelf Image";
				ASSETCATALOG_COMPILER_LAUNCHIMAGE_NAME = LaunchImage;
				FRAMEWORK_SEARCH_PATHS = (
					"$(inherited)",
					"$(PROJECT_DIR)",
				);
				INFOPLIST_FILE = "tvOS-Flickr-App/Info.plist";
				LD_RUNPATH_SEARCH_PATHS = "$(inherited) @executable_path/Frameworks";
				PRODUCT_BUNDLE_IDENTIFIER = "com.wangjoshuah.tvOS-Flickr-App";
				PRODUCT_NAME = "$(TARGET_NAME)";
				SWIFT_OBJC_BRIDGING_HEADER = "tvOS-Flickr-App/Bridging.h";
			};
			name = Debug;
		};
		2D0E15641CE3B2A2009C1D76 /* Release */ = {
			isa = XCBuildConfiguration;
			baseConfigurationReference = FAF737C6B914B9472A3FAC76 /* Pods.release.xcconfig */;
			buildSettings = {
				ASSETCATALOG_COMPILER_APPICON_NAME = "App Icon & Top Shelf Image";
				ASSETCATALOG_COMPILER_LAUNCHIMAGE_NAME = LaunchImage;
				FRAMEWORK_SEARCH_PATHS = (
					"$(inherited)",
					"$(PROJECT_DIR)",
				);
				INFOPLIST_FILE = "tvOS-Flickr-App/Info.plist";
				LD_RUNPATH_SEARCH_PATHS = "$(inherited) @executable_path/Frameworks";
				PRODUCT_BUNDLE_IDENTIFIER = "com.wangjoshuah.tvOS-Flickr-App";
				PRODUCT_NAME = "$(TARGET_NAME)";
				SWIFT_OBJC_BRIDGING_HEADER = "tvOS-Flickr-App/Bridging.h";
			};
			name = Release;
		};
		2D0E15661CE3B2A2009C1D76 /* Debug */ = {
			isa = XCBuildConfiguration;
			buildSettings = {
				BUNDLE_LOADER = "$(TEST_HOST)";
				INFOPLIST_FILE = "tvOS-Flickr-AppTests/Info.plist";
				LD_RUNPATH_SEARCH_PATHS = "$(inherited) @executable_path/Frameworks @loader_path/Frameworks";
				PRODUCT_BUNDLE_IDENTIFIER = "com.wangjoshuah.tvOS-Flickr-AppTests";
				PRODUCT_NAME = "$(TARGET_NAME)";
				TEST_HOST = "$(BUILT_PRODUCTS_DIR)/tvOS-Flickr-App.app/tvOS-Flickr-App";
			};
			name = Debug;
		};
		2D0E15671CE3B2A2009C1D76 /* Release */ = {
			isa = XCBuildConfiguration;
			buildSettings = {
				BUNDLE_LOADER = "$(TEST_HOST)";
				INFOPLIST_FILE = "tvOS-Flickr-AppTests/Info.plist";
				LD_RUNPATH_SEARCH_PATHS = "$(inherited) @executable_path/Frameworks @loader_path/Frameworks";
				PRODUCT_BUNDLE_IDENTIFIER = "com.wangjoshuah.tvOS-Flickr-AppTests";
				PRODUCT_NAME = "$(TARGET_NAME)";
				TEST_HOST = "$(BUILT_PRODUCTS_DIR)/tvOS-Flickr-App.app/tvOS-Flickr-App";
			};
			name = Release;
		};
		2D0E15691CE3B2A2009C1D76 /* Debug */ = {
			isa = XCBuildConfiguration;
			buildSettings = {
				INFOPLIST_FILE = "tvOS-Flickr-AppUITests/Info.plist";
				LD_RUNPATH_SEARCH_PATHS = "$(inherited) @executable_path/Frameworks @loader_path/Frameworks";
				PRODUCT_BUNDLE_IDENTIFIER = "com.wangjoshuah.tvOS-Flickr-AppUITests";
				PRODUCT_NAME = "$(TARGET_NAME)";
				TEST_TARGET_NAME = "tvOS-Flickr-App";
				USES_XCTRUNNER = YES;
			};
			name = Debug;
		};
		2D0E156A1CE3B2A2009C1D76 /* Release */ = {
			isa = XCBuildConfiguration;
			buildSettings = {
				INFOPLIST_FILE = "tvOS-Flickr-AppUITests/Info.plist";
				LD_RUNPATH_SEARCH_PATHS = "$(inherited) @executable_path/Frameworks @loader_path/Frameworks";
				PRODUCT_BUNDLE_IDENTIFIER = "com.wangjoshuah.tvOS-Flickr-AppUITests";
				PRODUCT_NAME = "$(TARGET_NAME)";
				TEST_TARGET_NAME = "tvOS-Flickr-App";
				USES_XCTRUNNER = YES;
			};
			name = Release;
		};
/* End XCBuildConfiguration section */

/* Begin XCConfigurationList section */
		2D0E15361CE3B2A2009C1D76 /* Build configuration list for PBXProject "tvOS-Flickr-App" */ = {
			isa = XCConfigurationList;
			buildConfigurations = (
				2D0E15601CE3B2A2009C1D76 /* Debug */,
				2D0E15611CE3B2A2009C1D76 /* Release */,
			);
			defaultConfigurationIsVisible = 0;
			defaultConfigurationName = Release;
		};
		2D0E15621CE3B2A2009C1D76 /* Build configuration list for PBXNativeTarget "tvOS-Flickr-App" */ = {
			isa = XCConfigurationList;
			buildConfigurations = (
				2D0E15631CE3B2A2009C1D76 /* Debug */,
				2D0E15641CE3B2A2009C1D76 /* Release */,
			);
			defaultConfigurationIsVisible = 0;
			defaultConfigurationName = Release;
		};
		2D0E15651CE3B2A2009C1D76 /* Build configuration list for PBXNativeTarget "tvOS-Flickr-AppTests" */ = {
			isa = XCConfigurationList;
			buildConfigurations = (
				2D0E15661CE3B2A2009C1D76 /* Debug */,
				2D0E15671CE3B2A2009C1D76 /* Release */,
			);
			defaultConfigurationIsVisible = 0;
			defaultConfigurationName = Release;
		};
		2D0E15681CE3B2A2009C1D76 /* Build configuration list for PBXNativeTarget "tvOS-Flickr-AppUITests" */ = {
			isa = XCConfigurationList;
			buildConfigurations = (
				2D0E15691CE3B2A2009C1D76 /* Debug */,
				2D0E156A1CE3B2A2009C1D76 /* Release */,
			);
			defaultConfigurationIsVisible = 0;
			defaultConfigurationName = Release;
		};
/* End XCConfigurationList section */
	};
	rootObject = 2D0E15331CE3B2A2009C1D76 /* Project object */;
}
