// !$*UTF8*$!
{
	archiveVersion = 1;
	classes = {
	};
	objectVersion = 46;
	objects = {

/* Begin PBXBuildFile section */
		2D0E153F1CE3B2A2009C1D76 /* AppDelegate.swift in Sources */ = {isa = PBXBuildFile; fileRef = 2D0E153E1CE3B2A2009C1D76 /* AppDelegate.swift */; };
		2D0E15411CE3B2A2009C1D76 /* FirstViewController.swift in Sources */ = {isa = PBXBuildFile; fileRef = 2D0E15401CE3B2A2009C1D76 /* FirstViewController.swift */; };
		2D0E15431CE3B2A2009C1D76 /* SecondViewController.swift in Sources */ = {isa = PBXBuildFile; fileRef = 2D0E15421CE3B2A2009C1D76 /* SecondViewController.swift */; };
		2D0E15461CE3B2A2009C1D76 /* Main.storyboard in Resources */ = {isa = PBXBuildFile; fileRef = 2D0E15441CE3B2A2009C1D76 /* Main.storyboard */; };
		2D0E15481CE3B2A2009C1D76 /* Assets.xcassets in Resources */ = {isa = PBXBuildFile; fileRef = 2D0E15471CE3B2A2009C1D76 /* Assets.xcassets */; };
		2D0E15531CE3B2A2009C1D76 /* tvOS_Flickr_AppTests.swift in Sources */ = {isa = PBXBuildFile; fileRef = 2D0E15521CE3B2A2009C1D76 /* tvOS_Flickr_AppTests.swift */; };
		2D0E155E1CE3B2A2009C1D76 /* tvOS_Flickr_AppUITests.swift in Sources */ = {isa = PBXBuildFile; fileRef = 2D0E155D1CE3B2A2009C1D76 /* tvOS_Flickr_AppUITests.swift */; };
		2D0E156E1CE3DD6E009C1D76 /* PersonalConstants.swift in Sources */ = {isa = PBXBuildFile; fileRef = 2D0E156D1CE3DD6E009C1D76 /* PersonalConstants.swift */; };
		2D0E15AB1CEBB9F1009C1D76 /* libicucore.tbd in Frameworks */ = {isa = PBXBuildFile; fileRef = 2D0E15AA1CEBB9F1009C1D76 /* libicucore.tbd */; };
		2D0E15AD1CEBB9F8009C1D76 /* libsqlite3.tbd in Frameworks */ = {isa = PBXBuildFile; fileRef = 2D0E15AC1CEBB9F8009C1D76 /* libsqlite3.tbd */; };
		2D8AF9681D11D4800003F050 /* OptimizelyTvOS.framework in Embed Frameworks */ = {isa = PBXBuildFile; fileRef = 2D7191451D07301B00B55E71 /* OptimizelyTvOS.framework */; settings = {ATTRIBUTES = (CodeSignOnCopy, RemoveHeadersOnCopy, ); }; };
		2D8AF98B1D11D4B30003F050 /* Pods_tvOS_Flickr_App.framework in Embed Frameworks */ = {isa = PBXBuildFile; fileRef = 5988BD91A9FA9E686F813FFA /* Pods_tvOS_Flickr_App.framework */; settings = {ATTRIBUTES = (CodeSignOnCopy, RemoveHeadersOnCopy, ); }; };
		2D8AF98D1D11D5080003F050 /* Foundation.framework in Frameworks */ = {isa = PBXBuildFile; fileRef = 2D0E15A01CEBB9C8009C1D76 /* Foundation.framework */; };
		2DF4D56C1D07C5E90089D9A2 /* OptimizelyManager.swift in Sources */ = {isa = PBXBuildFile; fileRef = 2DF4D56B1D07C5E90089D9A2 /* OptimizelyManager.swift */; };
/* End PBXBuildFile section */

/* Begin PBXContainerItemProxy section */
		2D0E154F1CE3B2A2009C1D76 /* PBXContainerItemProxy */ = {
			isa = PBXContainerItemProxy;
			containerPortal = 2D0E15331CE3B2A2009C1D76 /* Project object */;
			proxyType = 1;
			remoteGlobalIDString = 2D0E153A1CE3B2A2009C1D76;
			remoteInfo = "tvOS-Flickr-App";
		};
		2D0E155A1CE3B2A2009C1D76 /* PBXContainerItemProxy */ = {
			isa = PBXContainerItemProxy;
			containerPortal = 2D0E15331CE3B2A2009C1D76 /* Project object */;
			proxyType = 1;
			remoteGlobalIDString = 2D0E153A1CE3B2A2009C1D76;
			remoteInfo = "tvOS-Flickr-App";
		};
		2D5383231CF8C4C900A866CD /* PBXContainerItemProxy */ = {
			isa = PBXContainerItemProxy;
			containerPortal = 2D5383191CF8C4C900A866CD /* Objective-C SDK.xcodeproj */;
			proxyType = 2;
			remoteGlobalIDString = 2D0E15B91CECD9F9009C1D76;
			remoteInfo = "iOS-SDK";
		};
		2D5383251CF8C4C900A866CD /* PBXContainerItemProxy */ = {
			isa = PBXContainerItemProxy;
			containerPortal = 2D5383191CF8C4C900A866CD /* Objective-C SDK.xcodeproj */;
			proxyType = 2;
			remoteGlobalIDString = 2D0E15CC1CECDAA6009C1D76;
			remoteInfo = "tvOS-SDK";
		};
		2D5383271CF8C4C900A866CD /* PBXContainerItemProxy */ = {
			isa = PBXContainerItemProxy;
			containerPortal = 2D5383191CF8C4C900A866CD /* Objective-C SDK.xcodeproj */;
			proxyType = 2;
			remoteGlobalIDString = 2D0E15D61CECDABF009C1D76;
			remoteInfo = "watchOS-SDK";
		};
		2D5383291CF8C4C900A866CD /* PBXContainerItemProxy */ = {
			isa = PBXContainerItemProxy;
			containerPortal = 2D5383191CF8C4C900A866CD /* Objective-C SDK.xcodeproj */;
			proxyType = 2;
			remoteGlobalIDString = 2D0E15E01CECDACD009C1D76;
			remoteInfo = "OS-X-SDK";
		};
		2D53832B1CF8C4C900A866CD /* PBXContainerItemProxy */ = {
			isa = PBXContainerItemProxy;
			containerPortal = 2D5383191CF8C4C900A866CD /* Objective-C SDK.xcodeproj */;
			proxyType = 2;
			remoteGlobalIDString = 2D1604781CECF64800B09492;
			remoteInfo = "iOS-SDK Unit Tests";
		};
		2D53832D1CF8C4C900A866CD /* PBXContainerItemProxy */ = {
			isa = PBXContainerItemProxy;
			containerPortal = 2D5383191CF8C4C900A866CD /* Objective-C SDK.xcodeproj */;
			proxyType = 2;
			remoteGlobalIDString = 2D1604881CECF66B00B09492;
			remoteInfo = "tvOS-SDK Unit Tests";
		};
		2D53832F1CF8C4C900A866CD /* PBXContainerItemProxy */ = {
			isa = PBXContainerItemProxy;
			containerPortal = 2D5383191CF8C4C900A866CD /* Objective-C SDK.xcodeproj */;
			proxyType = 2;
			remoteGlobalIDString = 2D1604971CECF67900B09492;
			remoteInfo = "OS-X-SDK Unit Tests";
		};
		2D7191441D07301B00B55E71 /* PBXContainerItemProxy */ = {
			isa = PBXContainerItemProxy;
			containerPortal = 2D5383191CF8C4C900A866CD /* Objective-C SDK.xcodeproj */;
			proxyType = 2;
			remoteGlobalIDString = 2D7190F91D0724BD00B55E71;
			remoteInfo = OptimizelyTvOS;
		};
		2D7191461D07301B00B55E71 /* PBXContainerItemProxy */ = {
			isa = PBXContainerItemProxy;
			containerPortal = 2D5383191CF8C4C900A866CD /* Objective-C SDK.xcodeproj */;
			proxyType = 2;
			remoteGlobalIDString = 2D7191021D0724BD00B55E71;
			remoteInfo = OptimizelyTvOSTests;
		};
		2D8AF9691D11D4800003F050 /* PBXContainerItemProxy */ = {
			isa = PBXContainerItemProxy;
			containerPortal = 2D5383191CF8C4C900A866CD /* Objective-C SDK.xcodeproj */;
			proxyType = 1;
			remoteGlobalIDString = 2DF4D50C1D0770670089D9A2;
			remoteInfo = OptimizelyTvOS;
		};
		2D98D8D51D07409100218A7E /* PBXContainerItemProxy */ = {
			isa = PBXContainerItemProxy;
			containerPortal = 2D5383191CF8C4C900A866CD /* Objective-C SDK.xcodeproj */;
			proxyType = 1;
			remoteGlobalIDString = 2DF4D50C1D0770670089D9A2;
			remoteInfo = OptimizelyTvOS;
		};
		2DF4D5611D07713A0089D9A2 /* PBXContainerItemProxy */ = {
			isa = PBXContainerItemProxy;
			containerPortal = 2D5383191CF8C4C900A866CD /* Objective-C SDK.xcodeproj */;
			proxyType = 2;
			remoteGlobalIDString = 2D5383501CF8CFE300A866CD;
			remoteInfo = tvOSTest;
		};
		2DF4D5631D07713A0089D9A2 /* PBXContainerItemProxy */ = {
			isa = PBXContainerItemProxy;
			containerPortal = 2D5383191CF8C4C900A866CD /* Objective-C SDK.xcodeproj */;
			proxyType = 2;
			remoteGlobalIDString = 2D5383681CF8CFE300A866CD;
			remoteInfo = tvOSTestTests;
		};
		2DF4D5651D07713A0089D9A2 /* PBXContainerItemProxy */ = {
			isa = PBXContainerItemProxy;
			containerPortal = 2D5383191CF8C4C900A866CD /* Objective-C SDK.xcodeproj */;
			proxyType = 2;
			remoteGlobalIDString = 2D5383731CF8CFE400A866CD;
			remoteInfo = tvOSTestUITests;
		};
/* End PBXContainerItemProxy section */

/* Begin PBXCopyFilesBuildPhase section */
		2D8AF96B1D11D4800003F050 /* Embed Frameworks */ = {
			isa = PBXCopyFilesBuildPhase;
			buildActionMask = 2147483647;
			dstPath = "";
			dstSubfolderSpec = 10;
			files = (
				2D8AF9681D11D4800003F050 /* OptimizelyTvOS.framework in Embed Frameworks */,
				2D8AF98B1D11D4B30003F050 /* Pods_tvOS_Flickr_App.framework in Embed Frameworks */,
			);
			name = "Embed Frameworks";
			runOnlyForDeploymentPostprocessing = 0;
		};
/* End PBXCopyFilesBuildPhase section */

/* Begin PBXFileReference section */
		2D0E153B1CE3B2A2009C1D76 /* Pet Adopt.app */ = {isa = PBXFileReference; explicitFileType = wrapper.application; includeInIndex = 0; path = "Pet Adopt.app"; sourceTree = BUILT_PRODUCTS_DIR; };
		2D0E153E1CE3B2A2009C1D76 /* AppDelegate.swift */ = {isa = PBXFileReference; lastKnownFileType = sourcecode.swift; path = AppDelegate.swift; sourceTree = "<group>"; };
		2D0E15401CE3B2A2009C1D76 /* FirstViewController.swift */ = {isa = PBXFileReference; lastKnownFileType = sourcecode.swift; path = FirstViewController.swift; sourceTree = "<group>"; };
		2D0E15421CE3B2A2009C1D76 /* SecondViewController.swift */ = {isa = PBXFileReference; lastKnownFileType = sourcecode.swift; path = SecondViewController.swift; sourceTree = "<group>"; };
		2D0E15451CE3B2A2009C1D76 /* Base */ = {isa = PBXFileReference; lastKnownFileType = file.storyboard; name = Base; path = Base.lproj/Main.storyboard; sourceTree = "<group>"; };
		2D0E15471CE3B2A2009C1D76 /* Assets.xcassets */ = {isa = PBXFileReference; lastKnownFileType = folder.assetcatalog; path = Assets.xcassets; sourceTree = "<group>"; };
		2D0E15491CE3B2A2009C1D76 /* Info.plist */ = {isa = PBXFileReference; lastKnownFileType = text.plist.xml; path = Info.plist; sourceTree = "<group>"; };
		2D0E154E1CE3B2A2009C1D76 /* Pet Adopt.xctest */ = {isa = PBXFileReference; explicitFileType = wrapper.cfbundle; includeInIndex = 0; path = "Pet Adopt.xctest"; sourceTree = BUILT_PRODUCTS_DIR; };
		2D0E15521CE3B2A2009C1D76 /* tvOS_Flickr_AppTests.swift */ = {isa = PBXFileReference; lastKnownFileType = sourcecode.swift; path = tvOS_Flickr_AppTests.swift; sourceTree = "<group>"; };
		2D0E15541CE3B2A2009C1D76 /* Info.plist */ = {isa = PBXFileReference; lastKnownFileType = text.plist.xml; path = Info.plist; sourceTree = "<group>"; };
		2D0E15591CE3B2A2009C1D76 /* Pet Adopt.xctest */ = {isa = PBXFileReference; explicitFileType = wrapper.cfbundle; includeInIndex = 0; path = "Pet Adopt.xctest"; sourceTree = BUILT_PRODUCTS_DIR; };
		2D0E155D1CE3B2A2009C1D76 /* tvOS_Flickr_AppUITests.swift */ = {isa = PBXFileReference; lastKnownFileType = sourcecode.swift; path = tvOS_Flickr_AppUITests.swift; sourceTree = "<group>"; };
		2D0E155F1CE3B2A2009C1D76 /* Info.plist */ = {isa = PBXFileReference; lastKnownFileType = text.plist.xml; path = Info.plist; sourceTree = "<group>"; };
		2D0E156D1CE3DD6E009C1D76 /* PersonalConstants.swift */ = {isa = PBXFileReference; fileEncoding = 4; lastKnownFileType = sourcecode.swift; path = PersonalConstants.swift; sourceTree = "<group>"; };
		2D0E15711CE3FB54009C1D76 /* libFlickrKit.a */ = {isa = PBXFileReference; lastKnownFileType = archive.ar; name = libFlickrKit.a; path = "/Users/jwang/repos/tvOS-swift-flickr-app/Pods/../build/Debug-appletvos/libFlickrKit.a"; sourceTree = "<absolute>"; };
		2D0E15731CE3FC6E009C1D76 /* Bridging.h */ = {isa = PBXFileReference; fileEncoding = 4; lastKnownFileType = sourcecode.c.h; path = Bridging.h; sourceTree = "<group>"; };
		2D0E159C1CEBB9BC009C1D76 /* AudioToolbox.framework */ = {isa = PBXFileReference; lastKnownFileType = wrapper.framework; name = AudioToolbox.framework; path = System/Library/Frameworks/AudioToolbox.framework; sourceTree = SDKROOT; };
		2D0E159E1CEBB9C2009C1D76 /* CFNetwork.framework */ = {isa = PBXFileReference; lastKnownFileType = wrapper.framework; name = CFNetwork.framework; path = System/Library/Frameworks/CFNetwork.framework; sourceTree = SDKROOT; };
		2D0E15A01CEBB9C8009C1D76 /* Foundation.framework */ = {isa = PBXFileReference; lastKnownFileType = wrapper.framework; name = Foundation.framework; path = System/Library/Frameworks/Foundation.framework; sourceTree = SDKROOT; };
		2D0E15A21CEBB9CE009C1D76 /* MobileCoreServices.framework */ = {isa = PBXFileReference; lastKnownFileType = wrapper.framework; name = MobileCoreServices.framework; path = System/Library/Frameworks/MobileCoreServices.framework; sourceTree = SDKROOT; };
		2D0E15A41CEBB9D4009C1D76 /* Security.framework */ = {isa = PBXFileReference; lastKnownFileType = wrapper.framework; name = Security.framework; path = System/Library/Frameworks/Security.framework; sourceTree = SDKROOT; };
		2D0E15A61CEBB9DF009C1D76 /* SystemConfiguration.framework */ = {isa = PBXFileReference; lastKnownFileType = wrapper.framework; name = SystemConfiguration.framework; path = System/Library/Frameworks/SystemConfiguration.framework; sourceTree = SDKROOT; };
		2D0E15A81CEBB9E4009C1D76 /* UIKit.framework */ = {isa = PBXFileReference; lastKnownFileType = wrapper.framework; name = UIKit.framework; path = System/Library/Frameworks/UIKit.framework; sourceTree = SDKROOT; };
		2D0E15AA1CEBB9F1009C1D76 /* libicucore.tbd */ = {isa = PBXFileReference; lastKnownFileType = "sourcecode.text-based-dylib-definition"; name = libicucore.tbd; path = usr/lib/libicucore.tbd; sourceTree = SDKROOT; };
		2D0E15AC1CEBB9F8009C1D76 /* libsqlite3.tbd */ = {isa = PBXFileReference; lastKnownFileType = "sourcecode.text-based-dylib-definition"; name = libsqlite3.tbd; path = usr/lib/libsqlite3.tbd; sourceTree = SDKROOT; };
		2D5383191CF8C4C900A866CD /* Objective-C SDK.xcodeproj */ = {isa = PBXFileReference; lastKnownFileType = "wrapper.pb-project"; name = "Objective-C SDK.xcodeproj"; path = "../Objective-C-SDK/Optimizely Objective-C SDK/Objective-C SDK.xcodeproj"; sourceTree = "<group>"; };
		2DF4D56B1D07C5E90089D9A2 /* OptimizelyManager.swift */ = {isa = PBXFileReference; fileEncoding = 4; lastKnownFileType = sourcecode.swift; path = OptimizelyManager.swift; sourceTree = "<group>"; };
		4A036914C8EDA99D5BEE8CDD /* libPods.a */ = {isa = PBXFileReference; explicitFileType = archive.ar; includeInIndex = 0; path = libPods.a; sourceTree = BUILT_PRODUCTS_DIR; };
		5988BD91A9FA9E686F813FFA /* Pods_tvOS_Flickr_App.framework */ = {isa = PBXFileReference; explicitFileType = wrapper.framework; includeInIndex = 0; path = Pods_tvOS_Flickr_App.framework; sourceTree = BUILT_PRODUCTS_DIR; };
		63F0B9E8DC43C6BBB9E2ABF2 /* Pods.debug.xcconfig */ = {isa = PBXFileReference; includeInIndex = 1; lastKnownFileType = text.xcconfig; name = Pods.debug.xcconfig; path = "../Pods/Target Support Files/Pods/Pods.debug.xcconfig"; sourceTree = "<group>"; };
		93EE54F0DD5A13DC8537014E /* Pods-tvOS-Flickr-App.release.xcconfig */ = {isa = PBXFileReference; includeInIndex = 1; lastKnownFileType = text.xcconfig; name = "Pods-tvOS-Flickr-App.release.xcconfig"; path = "../Pods/Target Support Files/Pods-tvOS-Flickr-App/Pods-tvOS-Flickr-App.release.xcconfig"; sourceTree = "<group>"; };
		D8FF6870D5FB80A52F96FB54 /* Pods-tvOS-Flickr-App.debug.xcconfig */ = {isa = PBXFileReference; includeInIndex = 1; lastKnownFileType = text.xcconfig; name = "Pods-tvOS-Flickr-App.debug.xcconfig"; path = "../Pods/Target Support Files/Pods-tvOS-Flickr-App/Pods-tvOS-Flickr-App.debug.xcconfig"; sourceTree = "<group>"; };
		FAF737C6B914B9472A3FAC76 /* Pods.release.xcconfig */ = {isa = PBXFileReference; includeInIndex = 1; lastKnownFileType = text.xcconfig; name = Pods.release.xcconfig; path = "../Pods/Target Support Files/Pods/Pods.release.xcconfig"; sourceTree = "<group>"; };
/* End PBXFileReference section */

/* Begin PBXFrameworksBuildPhase section */
		2D0E15381CE3B2A2009C1D76 /* Frameworks */ = {
			isa = PBXFrameworksBuildPhase;
			buildActionMask = 2147483647;
			files = (
				2D8AF98D1D11D5080003F050 /* Foundation.framework in Frameworks */,
				2D0E15AD1CEBB9F8009C1D76 /* libsqlite3.tbd in Frameworks */,
				2D0E15AB1CEBB9F1009C1D76 /* libicucore.tbd in Frameworks */,
			);
			runOnlyForDeploymentPostprocessing = 0;
		};
		2D0E154B1CE3B2A2009C1D76 /* Frameworks */ = {
			isa = PBXFrameworksBuildPhase;
			buildActionMask = 2147483647;
			files = (
			);
			runOnlyForDeploymentPostprocessing = 0;
		};
		2D0E15561CE3B2A2009C1D76 /* Frameworks */ = {
			isa = PBXFrameworksBuildPhase;
			buildActionMask = 2147483647;
			files = (
			);
			runOnlyForDeploymentPostprocessing = 0;
		};
/* End PBXFrameworksBuildPhase section */

/* Begin PBXGroup section */
		299D979B8FCDA246B3D01F5B /* Frameworks */ = {
			isa = PBXGroup;
			children = (
				2D5383191CF8C4C900A866CD /* Objective-C SDK.xcodeproj */,
				2D0E15AC1CEBB9F8009C1D76 /* libsqlite3.tbd */,
				2D0E15AA1CEBB9F1009C1D76 /* libicucore.tbd */,
				2D0E15A81CEBB9E4009C1D76 /* UIKit.framework */,
				2D0E15A61CEBB9DF009C1D76 /* SystemConfiguration.framework */,
				2D0E15A41CEBB9D4009C1D76 /* Security.framework */,
				2D0E15A21CEBB9CE009C1D76 /* MobileCoreServices.framework */,
				2D0E15A01CEBB9C8009C1D76 /* Foundation.framework */,
				2D0E159E1CEBB9C2009C1D76 /* CFNetwork.framework */,
				2D0E159C1CEBB9BC009C1D76 /* AudioToolbox.framework */,
				2D0E15711CE3FB54009C1D76 /* libFlickrKit.a */,
				4A036914C8EDA99D5BEE8CDD /* libPods.a */,
				5988BD91A9FA9E686F813FFA /* Pods_tvOS_Flickr_App.framework */,
			);
			name = Frameworks;
			sourceTree = "<group>";
		};
		2D0E15321CE3B2A2009C1D76 = {
			isa = PBXGroup;
			children = (
				2D0E153D1CE3B2A2009C1D76 /* tvOS-Flickr-App */,
				2D0E15511CE3B2A2009C1D76 /* tvOS-Flickr-AppTests */,
				2D0E155C1CE3B2A2009C1D76 /* tvOS-Flickr-AppUITests */,
				2D0E153C1CE3B2A2009C1D76 /* Products */,
				94730CDC42061A0D24868ACD /* Pods */,
				299D979B8FCDA246B3D01F5B /* Frameworks */,
			);
			sourceTree = "<group>";
		};
		2D0E153C1CE3B2A2009C1D76 /* Products */ = {
			isa = PBXGroup;
			children = (
				2D0E153B1CE3B2A2009C1D76 /* Pet Adopt.app */,
				2D0E154E1CE3B2A2009C1D76 /* Pet Adopt.xctest */,
				2D0E15591CE3B2A2009C1D76 /* Pet Adopt.xctest */,
			);
			name = Products;
			sourceTree = "<group>";
		};
		2D0E153D1CE3B2A2009C1D76 /* tvOS-Flickr-App */ = {
			isa = PBXGroup;
			children = (
				2D0E153E1CE3B2A2009C1D76 /* AppDelegate.swift */,
				2DF4D56B1D07C5E90089D9A2 /* OptimizelyManager.swift */,
				2D0E15731CE3FC6E009C1D76 /* Bridging.h */,
				2D0E156D1CE3DD6E009C1D76 /* PersonalConstants.swift */,
				2D0E15401CE3B2A2009C1D76 /* FirstViewController.swift */,
				2D0E15421CE3B2A2009C1D76 /* SecondViewController.swift */,
				2D0E15441CE3B2A2009C1D76 /* Main.storyboard */,
				2D0E15471CE3B2A2009C1D76 /* Assets.xcassets */,
				2D0E15491CE3B2A2009C1D76 /* Info.plist */,
			);
			path = "tvOS-Flickr-App";
			sourceTree = "<group>";
		};
		2D0E15511CE3B2A2009C1D76 /* tvOS-Flickr-AppTests */ = {
			isa = PBXGroup;
			children = (
				2D0E15521CE3B2A2009C1D76 /* tvOS_Flickr_AppTests.swift */,
				2D0E15541CE3B2A2009C1D76 /* Info.plist */,
			);
			path = "tvOS-Flickr-AppTests";
			sourceTree = "<group>";
		};
		2D0E155C1CE3B2A2009C1D76 /* tvOS-Flickr-AppUITests */ = {
			isa = PBXGroup;
			children = (
				2D0E155D1CE3B2A2009C1D76 /* tvOS_Flickr_AppUITests.swift */,
				2D0E155F1CE3B2A2009C1D76 /* Info.plist */,
			);
			path = "tvOS-Flickr-AppUITests";
			sourceTree = "<group>";
		};
		2D53831A1CF8C4C900A866CD /* Products */ = {
			isa = PBXGroup;
			children = (
				2D5383241CF8C4C900A866CD /* libiOS-SDK.a */,
				2D5383261CF8C4C900A866CD /* libtvOS-SDK.a */,
				2D5383281CF8C4C900A866CD /* libwatchOS-SDK.a */,
				2D53832A1CF8C4C900A866CD /* libOS-X-SDK.a */,
				2D53832C1CF8C4C900A866CD /* iOS-SDK Unit Tests.xctest */,
				2D53832E1CF8C4C900A866CD /* tvOS-SDK Unit Tests.xctest */,
				2D5383301CF8C4C900A866CD /* OS-X-SDK Unit Tests.xctest */,
				2DF4D5621D07713A0089D9A2 /* tvOSTest.app */,
				2DF4D5641D07713A0089D9A2 /* tvOSTestTests.xctest */,
				2DF4D5661D07713A0089D9A2 /* tvOSTestUITests.xctest */,
				2D7191451D07301B00B55E71 /* OptimizelyTvOS.framework */,
				2D7191471D07301B00B55E71 /* OptimizelyTvOSTests.xctest */,
			);
			name = Products;
			sourceTree = "<group>";
		};
		94730CDC42061A0D24868ACD /* Pods */ = {
			isa = PBXGroup;
			children = (
				63F0B9E8DC43C6BBB9E2ABF2 /* Pods.debug.xcconfig */,
				FAF737C6B914B9472A3FAC76 /* Pods.release.xcconfig */,
				D8FF6870D5FB80A52F96FB54 /* Pods-tvOS-Flickr-App.debug.xcconfig */,
				93EE54F0DD5A13DC8537014E /* Pods-tvOS-Flickr-App.release.xcconfig */,
			);
			name = Pods;
			sourceTree = "<group>";
		};
/* End PBXGroup section */

/* Begin PBXNativeTarget section */
		2D0E153A1CE3B2A2009C1D76 /* Pet Adopt */ = {
			isa = PBXNativeTarget;
			buildConfigurationList = 2D0E15621CE3B2A2009C1D76 /* Build configuration list for PBXNativeTarget "Pet Adopt" */;
			buildPhases = (
				12A7A00E0867A5368DDAB5EA /* [CP] Check Pods Manifest.lock */,
				2D0E15371CE3B2A2009C1D76 /* Sources */,
				2D0E15381CE3B2A2009C1D76 /* Frameworks */,
				2D0E15391CE3B2A2009C1D76 /* Resources */,
				AFE05AC3A7EB112F96214EB2 /* [CP] Embed Pods Frameworks */,
				C61B772AEBF82B696FC64780 /* [CP] Copy Pods Resources */,
				2D8AF96B1D11D4800003F050 /* Embed Frameworks */,
			);
			buildRules = (
			);
			dependencies = (
				2D98D8D61D07409100218A7E /* PBXTargetDependency */,
				2D8AF96A1D11D4800003F050 /* PBXTargetDependency */,
			);
			name = "Pet Adopt";
			productName = "tvOS-Flickr-App";
			productReference = 2D0E153B1CE3B2A2009C1D76 /* Pet Adopt.app */;
			productType = "com.apple.product-type.application";
		};
		2D0E154D1CE3B2A2009C1D76 /* Pet AdoptTests */ = {
			isa = PBXNativeTarget;
			buildConfigurationList = 2D0E15651CE3B2A2009C1D76 /* Build configuration list for PBXNativeTarget "Pet AdoptTests" */;
			buildPhases = (
				2D0E154A1CE3B2A2009C1D76 /* Sources */,
				2D0E154B1CE3B2A2009C1D76 /* Frameworks */,
				2D0E154C1CE3B2A2009C1D76 /* Resources */,
			);
			buildRules = (
			);
			dependencies = (
				2D0E15501CE3B2A2009C1D76 /* PBXTargetDependency */,
			);
			name = "Pet AdoptTests";
			productName = "tvOS-Flickr-AppTests";
			productReference = 2D0E154E1CE3B2A2009C1D76 /* Pet Adopt.xctest */;
			productType = "com.apple.product-type.bundle.unit-test";
		};
		2D0E15581CE3B2A2009C1D76 /* Pet AdoptUITests */ = {
			isa = PBXNativeTarget;
			buildConfigurationList = 2D0E15681CE3B2A2009C1D76 /* Build configuration list for PBXNativeTarget "Pet AdoptUITests" */;
			buildPhases = (
				2D0E15551CE3B2A2009C1D76 /* Sources */,
				2D0E15561CE3B2A2009C1D76 /* Frameworks */,
				2D0E15571CE3B2A2009C1D76 /* Resources */,
			);
			buildRules = (
			);
			dependencies = (
				2D0E155B1CE3B2A2009C1D76 /* PBXTargetDependency */,
			);
			name = "Pet AdoptUITests";
			productName = "tvOS-Flickr-AppUITests";
			productReference = 2D0E15591CE3B2A2009C1D76 /* Pet Adopt.xctest */;
			productType = "com.apple.product-type.bundle.ui-testing";
		};
/* End PBXNativeTarget section */

/* Begin PBXProject section */
		2D0E15331CE3B2A2009C1D76 /* Project object */ = {
			isa = PBXProject;
			attributes = {
				LastSwiftUpdateCheck = 0720;
				LastUpgradeCheck = 0720;
				ORGANIZATIONNAME = wangjoshuah;
				TargetAttributes = {
					2D0E153A1CE3B2A2009C1D76 = {
						CreatedOnToolsVersion = 7.2;
						DevelopmentTeam = BDMC9C2X5M;
					};
					2D0E154D1CE3B2A2009C1D76 = {
						CreatedOnToolsVersion = 7.2;
						TestTargetID = 2D0E153A1CE3B2A2009C1D76;
					};
					2D0E15581CE3B2A2009C1D76 = {
						CreatedOnToolsVersion = 7.2;
						TestTargetID = 2D0E153A1CE3B2A2009C1D76;
					};
				};
			};
			buildConfigurationList = 2D0E15361CE3B2A2009C1D76 /* Build configuration list for PBXProject "Pet Adopt" */;
			compatibilityVersion = "Xcode 3.2";
			developmentRegion = English;
			hasScannedForEncodings = 0;
			knownRegions = (
				en,
				Base,
			);
			mainGroup = 2D0E15321CE3B2A2009C1D76;
			productRefGroup = 2D0E153C1CE3B2A2009C1D76 /* Products */;
			projectDirPath = "";
			projectReferences = (
				{
					ProductGroup = 2D53831A1CF8C4C900A866CD /* Products */;
					ProjectRef = 2D5383191CF8C4C900A866CD /* Objective-C SDK.xcodeproj */;
				},
			);
			projectRoot = "";
			targets = (
				2D0E153A1CE3B2A2009C1D76 /* Pet Adopt */,
				2D0E154D1CE3B2A2009C1D76 /* Pet AdoptTests */,
				2D0E15581CE3B2A2009C1D76 /* Pet AdoptUITests */,
			);
		};
/* End PBXProject section */

/* Begin PBXReferenceProxy section */
		2D5383241CF8C4C900A866CD /* libiOS-SDK.a */ = {
			isa = PBXReferenceProxy;
			fileType = archive.ar;
			path = "libiOS-SDK.a";
			remoteRef = 2D5383231CF8C4C900A866CD /* PBXContainerItemProxy */;
			sourceTree = BUILT_PRODUCTS_DIR;
		};
		2D5383261CF8C4C900A866CD /* libtvOS-SDK.a */ = {
			isa = PBXReferenceProxy;
			fileType = archive.ar;
			path = "libtvOS-SDK.a";
			remoteRef = 2D5383251CF8C4C900A866CD /* PBXContainerItemProxy */;
			sourceTree = BUILT_PRODUCTS_DIR;
		};
		2D5383281CF8C4C900A866CD /* libwatchOS-SDK.a */ = {
			isa = PBXReferenceProxy;
			fileType = archive.ar;
			path = "libwatchOS-SDK.a";
			remoteRef = 2D5383271CF8C4C900A866CD /* PBXContainerItemProxy */;
			sourceTree = BUILT_PRODUCTS_DIR;
		};
		2D53832A1CF8C4C900A866CD /* libOS-X-SDK.a */ = {
			isa = PBXReferenceProxy;
			fileType = archive.ar;
			path = "libOS-X-SDK.a";
			remoteRef = 2D5383291CF8C4C900A866CD /* PBXContainerItemProxy */;
			sourceTree = BUILT_PRODUCTS_DIR;
		};
		2D53832C1CF8C4C900A866CD /* iOS-SDK Unit Tests.xctest */ = {
			isa = PBXReferenceProxy;
			fileType = wrapper.cfbundle;
			path = "iOS-SDK Unit Tests.xctest";
			remoteRef = 2D53832B1CF8C4C900A866CD /* PBXContainerItemProxy */;
			sourceTree = BUILT_PRODUCTS_DIR;
		};
		2D53832E1CF8C4C900A866CD /* tvOS-SDK Unit Tests.xctest */ = {
			isa = PBXReferenceProxy;
			fileType = wrapper.cfbundle;
			path = "tvOS-SDK Unit Tests.xctest";
			remoteRef = 2D53832D1CF8C4C900A866CD /* PBXContainerItemProxy */;
			sourceTree = BUILT_PRODUCTS_DIR;
		};
		2D5383301CF8C4C900A866CD /* OS-X-SDK Unit Tests.xctest */ = {
			isa = PBXReferenceProxy;
			fileType = wrapper.cfbundle;
			path = "OS-X-SDK Unit Tests.xctest";
			remoteRef = 2D53832F1CF8C4C900A866CD /* PBXContainerItemProxy */;
			sourceTree = BUILT_PRODUCTS_DIR;
		};
		2D7191451D07301B00B55E71 /* OptimizelyTvOS.framework */ = {
			isa = PBXReferenceProxy;
			fileType = wrapper.framework;
			path = OptimizelyTvOS.framework;
			remoteRef = 2D7191441D07301B00B55E71 /* PBXContainerItemProxy */;
			sourceTree = BUILT_PRODUCTS_DIR;
		};
		2D7191471D07301B00B55E71 /* OptimizelyTvOSTests.xctest */ = {
			isa = PBXReferenceProxy;
			fileType = wrapper.cfbundle;
			path = OptimizelyTvOSTests.xctest;
			remoteRef = 2D7191461D07301B00B55E71 /* PBXContainerItemProxy */;
			sourceTree = BUILT_PRODUCTS_DIR;
		};
		2DF4D5621D07713A0089D9A2 /* tvOSTest.app */ = {
			isa = PBXReferenceProxy;
			fileType = wrapper.application;
			path = tvOSTest.app;
			remoteRef = 2DF4D5611D07713A0089D9A2 /* PBXContainerItemProxy */;
			sourceTree = BUILT_PRODUCTS_DIR;
		};
		2DF4D5641D07713A0089D9A2 /* tvOSTestTests.xctest */ = {
			isa = PBXReferenceProxy;
			fileType = wrapper.cfbundle;
			path = tvOSTestTests.xctest;
			remoteRef = 2DF4D5631D07713A0089D9A2 /* PBXContainerItemProxy */;
			sourceTree = BUILT_PRODUCTS_DIR;
		};
		2DF4D5661D07713A0089D9A2 /* tvOSTestUITests.xctest */ = {
			isa = PBXReferenceProxy;
			fileType = wrapper.cfbundle;
			path = tvOSTestUITests.xctest;
			remoteRef = 2DF4D5651D07713A0089D9A2 /* PBXContainerItemProxy */;
			sourceTree = BUILT_PRODUCTS_DIR;
		};
/* End PBXReferenceProxy section */

/* Begin PBXResourcesBuildPhase section */
		2D0E15391CE3B2A2009C1D76 /* Resources */ = {
			isa = PBXResourcesBuildPhase;
			buildActionMask = 2147483647;
			files = (
				2D0E15481CE3B2A2009C1D76 /* Assets.xcassets in Resources */,
				2D0E15461CE3B2A2009C1D76 /* Main.storyboard in Resources */,
			);
			runOnlyForDeploymentPostprocessing = 0;
		};
		2D0E154C1CE3B2A2009C1D76 /* Resources */ = {
			isa = PBXResourcesBuildPhase;
			buildActionMask = 2147483647;
			files = (
			);
			runOnlyForDeploymentPostprocessing = 0;
		};
		2D0E15571CE3B2A2009C1D76 /* Resources */ = {
			isa = PBXResourcesBuildPhase;
			buildActionMask = 2147483647;
			files = (
			);
			runOnlyForDeploymentPostprocessing = 0;
		};
/* End PBXResourcesBuildPhase section */

/* Begin PBXShellScriptBuildPhase section */
		12A7A00E0867A5368DDAB5EA /* [CP] Check Pods Manifest.lock */ = {
			isa = PBXShellScriptBuildPhase;
			buildActionMask = 2147483647;
			files = (
			);
			inputPaths = (
			);
			name = "[CP] Check Pods Manifest.lock";
			outputPaths = (
			);
			runOnlyForDeploymentPostprocessing = 0;
			shellPath = /bin/sh;
			shellScript = "diff \"${PODS_ROOT}/../Podfile.lock\" \"${PODS_ROOT}/Manifest.lock\" > /dev/null\nif [[ $? != 0 ]] ; then\n    cat << EOM\nerror: The sandbox is not in sync with the Podfile.lock. Run 'pod install' or update your CocoaPods installation.\nEOM\n    exit 1\nfi\n";
			showEnvVarsInLog = 0;
		};
		AFE05AC3A7EB112F96214EB2 /* [CP] Embed Pods Frameworks */ = {
			isa = PBXShellScriptBuildPhase;
			buildActionMask = 2147483647;
			files = (
			);
			inputPaths = (
			);
			name = "[CP] Embed Pods Frameworks";
			outputPaths = (
			);
			runOnlyForDeploymentPostprocessing = 0;
			shellPath = /bin/sh;
			shellScript = "\"${SRCROOT}/../Pods/Target Support Files/Pods-tvOS-Flickr-App/Pods-tvOS-Flickr-App-frameworks.sh\"\n";
			showEnvVarsInLog = 0;
		};
		C61B772AEBF82B696FC64780 /* [CP] Copy Pods Resources */ = {
			isa = PBXShellScriptBuildPhase;
			buildActionMask = 2147483647;
			files = (
			);
			inputPaths = (
			);
			name = "[CP] Copy Pods Resources";
			outputPaths = (
			);
			runOnlyForDeploymentPostprocessing = 0;
			shellPath = /bin/sh;
			shellScript = "\"${SRCROOT}/../Pods/Target Support Files/Pods-tvOS-Flickr-App/Pods-tvOS-Flickr-App-resources.sh\"\n";
			showEnvVarsInLog = 0;
		};
/* End PBXShellScriptBuildPhase section */

/* Begin PBXSourcesBuildPhase section */
		2D0E15371CE3B2A2009C1D76 /* Sources */ = {
			isa = PBXSourcesBuildPhase;
			buildActionMask = 2147483647;
			files = (
				2D0E15431CE3B2A2009C1D76 /* SecondViewController.swift in Sources */,
				2DF4D56C1D07C5E90089D9A2 /* OptimizelyManager.swift in Sources */,
				2D0E156E1CE3DD6E009C1D76 /* PersonalConstants.swift in Sources */,
				2D0E153F1CE3B2A2009C1D76 /* AppDelegate.swift in Sources */,
				2D0E15411CE3B2A2009C1D76 /* FirstViewController.swift in Sources */,
			);
			runOnlyForDeploymentPostprocessing = 0;
		};
		2D0E154A1CE3B2A2009C1D76 /* Sources */ = {
			isa = PBXSourcesBuildPhase;
			buildActionMask = 2147483647;
			files = (
				2D0E15531CE3B2A2009C1D76 /* tvOS_Flickr_AppTests.swift in Sources */,
			);
			runOnlyForDeploymentPostprocessing = 0;
		};
		2D0E15551CE3B2A2009C1D76 /* Sources */ = {
			isa = PBXSourcesBuildPhase;
			buildActionMask = 2147483647;
			files = (
				2D0E155E1CE3B2A2009C1D76 /* tvOS_Flickr_AppUITests.swift in Sources */,
			);
			runOnlyForDeploymentPostprocessing = 0;
		};
/* End PBXSourcesBuildPhase section */

/* Begin PBXTargetDependency section */
		2D0E15501CE3B2A2009C1D76 /* PBXTargetDependency */ = {
			isa = PBXTargetDependency;
			target = 2D0E153A1CE3B2A2009C1D76 /* Pet Adopt */;
			targetProxy = 2D0E154F1CE3B2A2009C1D76 /* PBXContainerItemProxy */;
		};
		2D0E155B1CE3B2A2009C1D76 /* PBXTargetDependency */ = {
			isa = PBXTargetDependency;
			target = 2D0E153A1CE3B2A2009C1D76 /* Pet Adopt */;
			targetProxy = 2D0E155A1CE3B2A2009C1D76 /* PBXContainerItemProxy */;
		};
		2D8AF96A1D11D4800003F050 /* PBXTargetDependency */ = {
			isa = PBXTargetDependency;
			name = OptimizelyTvOS;
			targetProxy = 2D8AF9691D11D4800003F050 /* PBXContainerItemProxy */;
		};
		2D98D8D61D07409100218A7E /* PBXTargetDependency */ = {
			isa = PBXTargetDependency;
			name = OptimizelyTvOS;
			targetProxy = 2D98D8D51D07409100218A7E /* PBXContainerItemProxy */;
		};
/* End PBXTargetDependency section */

/* Begin PBXVariantGroup section */
		2D0E15441CE3B2A2009C1D76 /* Main.storyboard */ = {
			isa = PBXVariantGroup;
			children = (
				2D0E15451CE3B2A2009C1D76 /* Base */,
			);
			name = Main.storyboard;
			sourceTree = "<group>";
		};
/* End PBXVariantGroup section */

/* Begin XCBuildConfiguration section */
		2D0E15601CE3B2A2009C1D76 /* Debug */ = {
			isa = XCBuildConfiguration;
			buildSettings = {
				ALWAYS_SEARCH_USER_PATHS = NO;
				CLANG_CXX_LANGUAGE_STANDARD = "gnu++0x";
				CLANG_CXX_LIBRARY = "libc++";
				CLANG_ENABLE_MODULES = YES;
				CLANG_ENABLE_OBJC_ARC = YES;
				CLANG_WARN_BOOL_CONVERSION = YES;
				CLANG_WARN_CONSTANT_CONVERSION = YES;
				CLANG_WARN_DIRECT_OBJC_ISA_USAGE = YES_ERROR;
				CLANG_WARN_EMPTY_BODY = YES;
				CLANG_WARN_ENUM_CONVERSION = YES;
				CLANG_WARN_INT_CONVERSION = YES;
				CLANG_WARN_OBJC_ROOT_CLASS = YES_ERROR;
				CLANG_WARN_UNREACHABLE_CODE = YES;
				CLANG_WARN__DUPLICATE_METHOD_MATCH = YES;
				COPY_PHASE_STRIP = NO;
				DEBUG_INFORMATION_FORMAT = dwarf;
				DEFINES_MODULE = YES;
				ENABLE_STRICT_OBJC_MSGSEND = YES;
				ENABLE_TESTABILITY = YES;
				GCC_C_LANGUAGE_STANDARD = gnu99;
				GCC_DYNAMIC_NO_PIC = NO;
				GCC_NO_COMMON_BLOCKS = YES;
				GCC_OPTIMIZATION_LEVEL = 0;
				GCC_PREPROCESSOR_DEFINITIONS = (
					"DEBUG=1",
					"$(inherited)",
				);
				GCC_WARN_64_TO_32_BIT_CONVERSION = YES;
				GCC_WARN_ABOUT_RETURN_TYPE = YES_ERROR;
				GCC_WARN_UNDECLARED_SELECTOR = YES;
				GCC_WARN_UNINITIALIZED_AUTOS = YES_AGGRESSIVE;
				GCC_WARN_UNUSED_FUNCTION = YES;
				GCC_WARN_UNUSED_VARIABLE = YES;
				LIBRARY_SEARCH_PATHS = "$(inherited)";
				"LIBRARY_SEARCH_PATHS[arch=*]" = "$(inherited)";
				MTL_ENABLE_DEBUG_INFO = YES;
				ONLY_ACTIVE_ARCH = NO;
				SDKROOT = appletvos9.2;
				SWIFT_OPTIMIZATION_LEVEL = "-Onone";
				TARGETED_DEVICE_FAMILY = 3;
				TVOS_DEPLOYMENT_TARGET = 9.1;
			};
			name = Debug;
		};
		2D0E15611CE3B2A2009C1D76 /* Release */ = {
			isa = XCBuildConfiguration;
			buildSettings = {
				ALWAYS_SEARCH_USER_PATHS = NO;
				CLANG_CXX_LANGUAGE_STANDARD = "gnu++0x";
				CLANG_CXX_LIBRARY = "libc++";
				CLANG_ENABLE_MODULES = YES;
				CLANG_ENABLE_OBJC_ARC = YES;
				CLANG_WARN_BOOL_CONVERSION = YES;
				CLANG_WARN_CONSTANT_CONVERSION = YES;
				CLANG_WARN_DIRECT_OBJC_ISA_USAGE = YES_ERROR;
				CLANG_WARN_EMPTY_BODY = YES;
				CLANG_WARN_ENUM_CONVERSION = YES;
				CLANG_WARN_INT_CONVERSION = YES;
				CLANG_WARN_OBJC_ROOT_CLASS = YES_ERROR;
				CLANG_WARN_UNREACHABLE_CODE = YES;
				CLANG_WARN__DUPLICATE_METHOD_MATCH = YES;
				COPY_PHASE_STRIP = NO;
				DEBUG_INFORMATION_FORMAT = "dwarf-with-dsym";
				DEFINES_MODULE = YES;
				ENABLE_NS_ASSERTIONS = NO;
				ENABLE_STRICT_OBJC_MSGSEND = YES;
				GCC_C_LANGUAGE_STANDARD = gnu99;
				GCC_NO_COMMON_BLOCKS = YES;
				GCC_WARN_64_TO_32_BIT_CONVERSION = YES;
				GCC_WARN_ABOUT_RETURN_TYPE = YES_ERROR;
				GCC_WARN_UNDECLARED_SELECTOR = YES;
				GCC_WARN_UNINITIALIZED_AUTOS = YES_AGGRESSIVE;
				GCC_WARN_UNUSED_FUNCTION = YES;
				GCC_WARN_UNUSED_VARIABLE = YES;
				LIBRARY_SEARCH_PATHS = "$(inherited)";
				"LIBRARY_SEARCH_PATHS[arch=*]" = "$(inherited)";
				MTL_ENABLE_DEBUG_INFO = NO;
				ONLY_ACTIVE_ARCH = NO;
				SDKROOT = appletvos9.2;
				TARGETED_DEVICE_FAMILY = 3;
				TVOS_DEPLOYMENT_TARGET = 9.1;
				VALIDATE_PRODUCT = YES;
			};
			name = Release;
		};
		2D0E15631CE3B2A2009C1D76 /* Debug */ = {
			isa = XCBuildConfiguration;
			baseConfigurationReference = D8FF6870D5FB80A52F96FB54 /* Pods-tvOS-Flickr-App.debug.xcconfig */;
			buildSettings = {
				ASSETCATALOG_COMPILER_APPICON_NAME = "App Icon & Top Shelf Image";
				ASSETCATALOG_COMPILER_LAUNCHIMAGE_NAME = LaunchImage;
				CODE_SIGN_IDENTITY = "iPhone Developer";
				"CODE_SIGN_IDENTITY[sdk=appletvos*]" = "iPhone Developer";
				DEFINES_MODULE = YES;
				FRAMEWORK_SEARCH_PATHS = (
					"$(inherited)",
					"$(PROJECT_DIR)",
				);
				"HEADER_SEARCH_PATHS[arch=*]" = (
					"$(inherited)",
					"\"${PODS_ROOT}/Headers/Public\"",
					"\"${PODS_ROOT}/Headers/Public/FlickrKit\"",
					"$(PROJECT_DIR)",
				);
				INFOPLIST_FILE = "tvOS-Flickr-App/Info.plist";
				LD_RUNPATH_SEARCH_PATHS = "$(inherited) @executable_path/Frameworks";
				LIBRARY_SEARCH_PATHS = "$(inherited)";
				OTHER_LDFLAGS = (
					"$(inherited)",
					"-all_load",
					"-lc++",
					"-ObjC",
				);
				PRODUCT_BUNDLE_IDENTIFIER = "com.wangjoshuah.Pet-Adopt";
				PRODUCT_NAME = "Pet Adopt";
				PROVISIONING_PROFILE = "";
				SDKROOT = appletvos9.2;
				SWIFT_OBJC_BRIDGING_HEADER = "tvOS-Flickr-App/Bridging.h";
				TVOS_DEPLOYMENT_TARGET = 9.2;
				VALID_ARCHS = "$(ARCHS_STANDARD)";
			};
			name = Debug;
		};
		2D0E15641CE3B2A2009C1D76 /* Release */ = {
			isa = XCBuildConfiguration;
			baseConfigurationReference = 93EE54F0DD5A13DC8537014E /* Pods-tvOS-Flickr-App.release.xcconfig */;
			buildSettings = {
				ASSETCATALOG_COMPILER_APPICON_NAME = "App Icon & Top Shelf Image";
				ASSETCATALOG_COMPILER_LAUNCHIMAGE_NAME = LaunchImage;
				CODE_SIGN_IDENTITY = "iPhone Developer";
				"CODE_SIGN_IDENTITY[sdk=appletvos*]" = "iPhone Developer";
				DEFINES_MODULE = YES;
				FRAMEWORK_SEARCH_PATHS = (
					"$(inherited)",
					"$(PROJECT_DIR)",
				);
				HEADER_SEARCH_PATHS = (
					"$(inherited)",
					"\"${PODS_ROOT}/Headers/Public\"",
					"\"${PODS_ROOT}/Headers/Public/FlickrKit\"",
					"$(PROJECT_DIR)",
				);
				INFOPLIST_FILE = "tvOS-Flickr-App/Info.plist";
				LD_RUNPATH_SEARCH_PATHS = "$(inherited) @executable_path/Frameworks";
				LIBRARY_SEARCH_PATHS = "$(inherited)";
				OTHER_LDFLAGS = (
					"$(inherited)",
					"-all_load",
					"-lc++",
					"-ObjC",
				);
				PRODUCT_BUNDLE_IDENTIFIER = "com.wangjoshuah.Pet-Adopt";
				PRODUCT_NAME = "Pet Adopt";
				PROVISIONING_PROFILE = "";
				SDKROOT = appletvos9.2;
				SWIFT_OBJC_BRIDGING_HEADER = "tvOS-Flickr-App/Bridging.h";
				TVOS_DEPLOYMENT_TARGET = 9.2;
				VALID_ARCHS = "$(ARCHS_STANDARD)";
			};
			name = Release;
		};
		2D0E15661CE3B2A2009C1D76 /* Debug */ = {
			isa = XCBuildConfiguration;
			buildSettings = {
				BUNDLE_LOADER = "$(TEST_HOST)";
				INFOPLIST_FILE = "tvOS-Flickr-AppTests/Info.plist";
				LD_RUNPATH_SEARCH_PATHS = "$(inherited) @executable_path/Frameworks @loader_path/Frameworks";
				PRODUCT_BUNDLE_IDENTIFIER = "com.wangjoshuah.tvOS-Flickr-AppTests";
				PRODUCT_NAME = "Pet Adopt";
				TEST_HOST = "$(BUILT_PRODUCTS_DIR)/Pet Adopt.app/Pet Adopt";
			};
			name = Debug;
		};
		2D0E15671CE3B2A2009C1D76 /* Release */ = {
			isa = XCBuildConfiguration;
			buildSettings = {
				BUNDLE_LOADER = "$(TEST_HOST)";
				INFOPLIST_FILE = "tvOS-Flickr-AppTests/Info.plist";
				LD_RUNPATH_SEARCH_PATHS = "$(inherited) @executable_path/Frameworks @loader_path/Frameworks";
				PRODUCT_BUNDLE_IDENTIFIER = "com.wangjoshuah.tvOS-Flickr-AppTests";
				PRODUCT_NAME = "Pet Adopt";
				TEST_HOST = "$(BUILT_PRODUCTS_DIR)/Pet Adopt.app/Pet Adopt";
			};
			name = Release;
		};
		2D0E15691CE3B2A2009C1D76 /* Debug */ = {
			isa = XCBuildConfiguration;
			buildSettings = {
				INFOPLIST_FILE = "tvOS-Flickr-AppUITests/Info.plist";
				LD_RUNPATH_SEARCH_PATHS = "$(inherited) @executable_path/Frameworks @loader_path/Frameworks";
				PRODUCT_BUNDLE_IDENTIFIER = "com.wangjoshuah.tvOS-Flickr-AppUITests";
				PRODUCT_NAME = "Pet Adopt";
				TEST_TARGET_NAME = "tvOS-Flickr-App";
				USES_XCTRUNNER = YES;
			};
			name = Debug;
		};
		2D0E156A1CE3B2A2009C1D76 /* Release */ = {
			isa = XCBuildConfiguration;
			buildSettings = {
				INFOPLIST_FILE = "tvOS-Flickr-AppUITests/Info.plist";
				LD_RUNPATH_SEARCH_PATHS = "$(inherited) @executable_path/Frameworks @loader_path/Frameworks";
				PRODUCT_BUNDLE_IDENTIFIER = "com.wangjoshuah.tvOS-Flickr-AppUITests";
				PRODUCT_NAME = "Pet Adopt";
				TEST_TARGET_NAME = "tvOS-Flickr-App";
				USES_XCTRUNNER = YES;
			};
			name = Release;
		};
/* End XCBuildConfiguration section */

/* Begin XCConfigurationList section */
		2D0E15361CE3B2A2009C1D76 /* Build configuration list for PBXProject "Pet Adopt" */ = {
			isa = XCConfigurationList;
			buildConfigurations = (
				2D0E15601CE3B2A2009C1D76 /* Debug */,
				2D0E15611CE3B2A2009C1D76 /* Release */,
			);
			defaultConfigurationIsVisible = 0;
			defaultConfigurationName = Release;
		};
		2D0E15621CE3B2A2009C1D76 /* Build configuration list for PBXNativeTarget "Pet Adopt" */ = {
			isa = XCConfigurationList;
			buildConfigurations = (
				2D0E15631CE3B2A2009C1D76 /* Debug */,
				2D0E15641CE3B2A2009C1D76 /* Release */,
			);
			defaultConfigurationIsVisible = 0;
			defaultConfigurationName = Release;
		};
		2D0E15651CE3B2A2009C1D76 /* Build configuration list for PBXNativeTarget "Pet AdoptTests" */ = {
			isa = XCConfigurationList;
			buildConfigurations = (
				2D0E15661CE3B2A2009C1D76 /* Debug */,
				2D0E15671CE3B2A2009C1D76 /* Release */,
			);
			defaultConfigurationIsVisible = 0;
			defaultConfigurationName = Release;
		};
		2D0E15681CE3B2A2009C1D76 /* Build configuration list for PBXNativeTarget "Pet AdoptUITests" */ = {
			isa = XCConfigurationList;
			buildConfigurations = (
				2D0E15691CE3B2A2009C1D76 /* Debug */,
				2D0E156A1CE3B2A2009C1D76 /* Release */,
			);
			defaultConfigurationIsVisible = 0;
			defaultConfigurationName = Release;
		};
/* End XCConfigurationList section */
	};
	rootObject = 2D0E15331CE3B2A2009C1D76 /* Project object */;
}
